
Microsoft Visual Studio Solution File, Format Version 12.00
# Visual Studio 2013
VisualStudioVersion = 12.0.20617.1 PREVIEW
MinimumVisualStudioVersion = 10.0.40219.1
Project("{2150E333-8FDC-42A3-9474-1A3956D46DE8}") = "Solution Items", "Solution Items", "{C1DDF02B-B1EC-4936-AA90-34DCF7FDF15D}"
	ProjectSection(SolutionItems) = preProject
		PlatformAdapter\PlatformAdapter.nuspec = PlatformAdapter\PlatformAdapter.nuspec
	EndProjectSection
EndProject
Project("{FAE04EC0-301F-11D3-BF4B-00C04F79EFBC}") = "PlatformAdapter.Windows", "PlatformAdapter.Windows\PlatformAdapter.Windows.csproj", "{FC41FFAF-C874-4A83-8947-2C114BD7FD03}"
EndProject
Project("{FAE04EC0-301F-11D3-BF4B-00C04F79EFBC}") = "PlatformAdapter.Phone8", "PlatformAdapter.Phone8\PlatformAdapter.Phone8.csproj", "{5F02AA2F-131D-487D-AACA-16CF77392A92}"
EndProject
Project("{FAE04EC0-301F-11D3-BF4B-00C04F79EFBC}") = "PlatformAdapter.Phone7", "PlatformAdapter.Phone7\PlatformAdapter.Phone7.csproj", "{B5148A23-E8EF-4295-89E6-3718A0F03A46}"
EndProject
Project("{FAE04EC0-301F-11D3-BF4B-00C04F79EFBC}") = "PlatformAdapter", "PlatformAdapter\PlatformAdapter.csproj", "{2B3BC557-165A-4565-B2C8-BF5B2F5814FE}"
EndProject
Global
	GlobalSection(SolutionConfigurationPlatforms) = preSolution
		Debug|Any CPU = Debug|Any CPU
		Debug|ARM = Debug|ARM
		Debug|x64 = Debug|x64
		Debug|x86 = Debug|x86
		Release|Any CPU = Release|Any CPU
		Release|ARM = Release|ARM
		Release|x64 = Release|x64
		Release|x86 = Release|x86
	EndGlobalSection
	GlobalSection(ProjectConfigurationPlatforms) = postSolution
		{FC41FFAF-C874-4A83-8947-2C114BD7FD03}.Debug|Any CPU.ActiveCfg = Debug|Any CPU
		{FC41FFAF-C874-4A83-8947-2C114BD7FD03}.Debug|Any CPU.Build.0 = Debug|Any CPU
		{FC41FFAF-C874-4A83-8947-2C114BD7FD03}.Debug|ARM.ActiveCfg = Debug|ARM
		{FC41FFAF-C874-4A83-8947-2C114BD7FD03}.Debug|ARM.Build.0 = Debug|ARM
		{FC41FFAF-C874-4A83-8947-2C114BD7FD03}.Debug|x64.ActiveCfg = Debug|x64
		{FC41FFAF-C874-4A83-8947-2C114BD7FD03}.Debug|x64.Build.0 = Debug|x64
		{FC41FFAF-C874-4A83-8947-2C114BD7FD03}.Debug|x86.ActiveCfg = Debug|x86
		{FC41FFAF-C874-4A83-8947-2C114BD7FD03}.Debug|x86.Build.0 = Debug|x86
		{FC41FFAF-C874-4A83-8947-2C114BD7FD03}.Release|Any CPU.ActiveCfg = Release|Any CPU
		{FC41FFAF-C874-4A83-8947-2C114BD7FD03}.Release|Any CPU.Build.0 = Release|Any CPU
		{FC41FFAF-C874-4A83-8947-2C114BD7FD03}.Release|ARM.ActiveCfg = Release|ARM
		{FC41FFAF-C874-4A83-8947-2C114BD7FD03}.Release|ARM.Build.0 = Release|ARM
		{FC41FFAF-C874-4A83-8947-2C114BD7FD03}.Release|x64.ActiveCfg = Release|x64
		{FC41FFAF-C874-4A83-8947-2C114BD7FD03}.Release|x64.Build.0 = Release|x64
		{FC41FFAF-C874-4A83-8947-2C114BD7FD03}.Release|x86.ActiveCfg = Release|x86
		{FC41FFAF-C874-4A83-8947-2C114BD7FD03}.Release|x86.Build.0 = Release|x86
		{5F02AA2F-131D-487D-AACA-16CF77392A92}.Debug|Any CPU.ActiveCfg = Debug|Any CPU
		{5F02AA2F-131D-487D-AACA-16CF77392A92}.Debug|Any CPU.Build.0 = Debug|Any CPU
		{5F02AA2F-131D-487D-AACA-16CF77392A92}.Debug|ARM.ActiveCfg = Debug|ARM
		{5F02AA2F-131D-487D-AACA-16CF77392A92}.Debug|ARM.Build.0 = Debug|ARM
		{5F02AA2F-131D-487D-AACA-16CF77392A92}.Debug|x64.ActiveCfg = Debug|Any CPU
		{5F02AA2F-131D-487D-AACA-16CF77392A92}.Debug|x86.ActiveCfg = Debug|x86
		{5F02AA2F-131D-487D-AACA-16CF77392A92}.Debug|x86.Build.0 = Debug|x86
		{5F02AA2F-131D-487D-AACA-16CF77392A92}.Release|Any CPU.ActiveCfg = Release|Any CPU
		{5F02AA2F-131D-487D-AACA-16CF77392A92}.Release|Any CPU.Build.0 = Release|Any CPU
		{5F02AA2F-131D-487D-AACA-16CF77392A92}.Release|ARM.ActiveCfg = Release|ARM
		{5F02AA2F-131D-487D-AACA-16CF77392A92}.Release|ARM.Build.0 = Release|ARM
		{5F02AA2F-131D-487D-AACA-16CF77392A92}.Release|x64.ActiveCfg = Release|Any CPU
		{5F02AA2F-131D-487D-AACA-16CF77392A92}.Release|x86.ActiveCfg = Release|x86
		{5F02AA2F-131D-487D-AACA-16CF77392A92}.Release|x86.Build.0 = Release|x86
		{B5148A23-E8EF-4295-89E6-3718A0F03A46}.Debug|Any CPU.ActiveCfg = Debug|Any CPU
		{B5148A23-E8EF-4295-89E6-3718A0F03A46}.Debug|Any CPU.Build.0 = Debug|Any CPU
		{B5148A23-E8EF-4295-89E6-3718A0F03A46}.Debug|ARM.ActiveCfg = Debug|Any CPU
		{B5148A23-E8EF-4295-89E6-3718A0F03A46}.Debug|x64.ActiveCfg = Debug|Any CPU
		{B5148A23-E8EF-4295-89E6-3718A0F03A46}.Debug|x86.ActiveCfg = Debug|Any CPU
		{B5148A23-E8EF-4295-89E6-3718A0F03A46}.Release|Any CPU.ActiveCfg = Release|Any CPU
		{B5148A23-E8EF-4295-89E6-3718A0F03A46}.Release|Any CPU.Build.0 = Release|Any CPU
		{B5148A23-E8EF-4295-89E6-3718A0F03A46}.Release|ARM.ActiveCfg = Release|Any CPU
		{B5148A23-E8EF-4295-89E6-3718A0F03A46}.Release|x64.ActiveCfg = Release|Any CPU
		{B5148A23-E8EF-4295-89E6-3718A0F03A46}.Release|x86.ActiveCfg = Release|Any CPU
		{2B3BC557-165A-4565-B2C8-BF5B2F5814FE}.Debug|Any CPU.ActiveCfg = Debug|Any CPU
		{2B3BC557-165A-4565-B2C8-BF5B2F5814FE}.Debug|Any CPU.Build.0 = Debug|Any CPU
		{2B3BC557-165A-4565-B2C8-BF5B2F5814FE}.Debug|ARM.ActiveCfg = Debug|Any CPU
		{2B3BC557-165A-4565-B2C8-BF5B2F5814FE}.Debug|x64.ActiveCfg = Debug|Any CPU
		{2B3BC557-165A-4565-B2C8-BF5B2F5814FE}.Debug|x86.ActiveCfg = Debug|Any CPU
		{2B3BC557-165A-4565-B2C8-BF5B2F5814FE}.Release|Any CPU.ActiveCfg = Release|Any CPU
		{2B3BC557-165A-4565-B2C8-BF5B2F5814FE}.Release|Any CPU.Build.0 = Release|Any CPU
		{2B3BC557-165A-4565-B2C8-BF5B2F5814FE}.Release|ARM.ActiveCfg = Release|Any CPU
		{2B3BC557-165A-4565-B2C8-BF5B2F5814FE}.Release|x64.ActiveCfg = Release|Any CPU
		{2B3BC557-165A-4565-B2C8-BF5B2F5814FE}.Release|x86.ActiveCfg = Release|Any CPU
	EndGlobalSection
	GlobalSection(SolutionProperties) = preSolution
		HideSolutionNode = FALSE
	EndGlobalSection
EndGlobal
