
Microsoft Visual Studio Solution File, Format Version 12.00
# Visual Studio 2012
Project("{2150E333-8FDC-42A3-9474-1A3956D46DE8}") = "Nuget", "Nuget", "{C1DDF02B-B1EC-4936-AA90-34DCF7FDF15D}"
	ProjectSection(SolutionItems) = preProject
		PlatformAdapter\PlatformAdapter.nuspec = PlatformAdapter\PlatformAdapter.nuspec
	EndProjectSection
EndProject
Project("{FAE04EC0-301F-11D3-BF4B-00C04F79EFBC}") = "PlatformAdapter.Phone8", "PlatformAdapter.Phone8\PlatformAdapter.Phone8.csproj", "{5F02AA2F-131D-487D-AACA-16CF77392A92}"
EndProject
Project("{FAE04EC0-301F-11D3-BF4B-00C04F79EFBC}") = "PlatformAdapter.Phone7", "PlatformAdapter.Phone7\PlatformAdapter.Phone7.csproj", "{B5148A23-E8EF-4295-89E6-3718A0F03A46}"
EndProject
Project("{FAE04EC0-301F-11D3-BF4B-00C04F79EFBC}") = "PlatformAdapter", "PlatformAdapter\PlatformAdapter.csproj", "{2B3BC557-165A-4565-B2C8-BF5B2F5814FE}"
EndProject
Project("{2150E333-8FDC-42A3-9474-1A3956D46DE8}") = "Phone7", "Phone7", "{9A90BE78-2B3D-43AD-84A9-ACBE9962EE8D}"
EndProject
Project("{2150E333-8FDC-42A3-9474-1A3956D46DE8}") = "Phone8", "Phone8", "{0007B455-13B7-4C6C-ADD2-1E40FD3E7FFC}"
EndProject
Project("{2150E333-8FDC-42A3-9474-1A3956D46DE8}") = "WindowsStore", "WindowsStore", "{08A137F7-F1DE-4CD9-856F-695B8802977A}"
EndProject
Project("{FAE04EC0-301F-11D3-BF4B-00C04F79EFBC}") = "PlatformAdapter.Tests (Phone8)", "PlatformAdapter.Phone8.Tests\PlatformAdapter.Tests (Phone8).csproj", "{E8949E1B-9B58-44F3-8F9E-43AC877C2C23}"
EndProject
Project("{2150E333-8FDC-42A3-9474-1A3956D46DE8}") = "Portable", "Portable", "{A678FA41-C5D6-4D1D-BF03-55BFFB51AB51}"
EndProject
Project("{FAE04EC0-301F-11D3-BF4B-00C04F79EFBC}") = "PlatformAdapter.Polyfills", "PlatformAdapter.Polyfills\PlatformAdapter.Polyfills.csproj", "{D34E280D-A124-4FAE-BB29-5DBE1A873D03}"
EndProject
Project("{FAE04EC0-301F-11D3-BF4B-00C04F79EFBC}") = "PlatformAdapter.Polyfills (WindowsStore)", "PlatformAdapter.Polyfills\PlatformAdapter.Polyfills (WindowsStore).csproj", "{1B9B2BB7-7B67-485A-8CA4-96ACAF023A7F}"
EndProject
Project("{FAE04EC0-301F-11D3-BF4B-00C04F79EFBC}") = "PlatformAdapter.Polyfills (Phone8)", "PlatformAdapter.Polyfills\PlatformAdapter.Polyfills (Phone8).csproj", "{90BEAF18-B100-4C8A-B1D4-742C8DA02DF7}"
EndProject
Project("{2150E333-8FDC-42A3-9474-1A3956D46DE8}") = "iOS", "iOS", "{CBF6E58A-750A-4226-8B7B-6C0FF4ECC157}"
EndProject
Project("{2150E333-8FDC-42A3-9474-1A3956D46DE8}") = "Android", "Android", "{39DCC6CE-0F6E-4F9F-B244-7EC1E1B2E0E0}"
EndProject
Project("{FAE04EC0-301F-11D3-BF4B-00C04F79EFBC}") = "PlatformAdapter.WindowsStore", "PlatformAdapter.WindowsStore\PlatformAdapter.WindowsStore.csproj", "{FC41FFAF-C874-4A83-8947-2C114BD7FD03}"
EndProject
Project("{FAE04EC0-301F-11D3-BF4B-00C04F79EFBC}") = "PlatformAdapter.Tests (WindowsStore)", "PlatformAdapter.Tests\PlatformAdapter.Tests (WindowsStore).csproj", "{3D156C2E-4125-4754-994C-CDD7F7482BFF}"
EndProject
Global
	GlobalSection(SolutionConfigurationPlatforms) = preSolution
		Debug|Any CPU = Debug|Any CPU
		Debug|ARM = Debug|ARM
		Debug|Mixed Platforms = Debug|Mixed Platforms
		Debug|Win32 = Debug|Win32
		Debug|x64 = Debug|x64
		Debug|x86 = Debug|x86
		Release|Any CPU = Release|Any CPU
		Release|ARM = Release|ARM
		Release|Mixed Platforms = Release|Mixed Platforms
		Release|Win32 = Release|Win32
		Release|x64 = Release|x64
		Release|x86 = Release|x86
	EndGlobalSection
	GlobalSection(ProjectConfigurationPlatforms) = postSolution
		{5F02AA2F-131D-487D-AACA-16CF77392A92}.Debug|Any CPU.ActiveCfg = Debug|Any CPU
		{5F02AA2F-131D-487D-AACA-16CF77392A92}.Debug|Any CPU.Build.0 = Debug|Any CPU
		{5F02AA2F-131D-487D-AACA-16CF77392A92}.Debug|ARM.ActiveCfg = Debug|ARM
		{5F02AA2F-131D-487D-AACA-16CF77392A92}.Debug|ARM.Build.0 = Debug|ARM
		{5F02AA2F-131D-487D-AACA-16CF77392A92}.Debug|Mixed Platforms.ActiveCfg = Debug|x86
		{5F02AA2F-131D-487D-AACA-16CF77392A92}.Debug|Mixed Platforms.Build.0 = Debug|x86
		{5F02AA2F-131D-487D-AACA-16CF77392A92}.Debug|Win32.ActiveCfg = Debug|x86
		{5F02AA2F-131D-487D-AACA-16CF77392A92}.Debug|Win32.Build.0 = Debug|x86
		{5F02AA2F-131D-487D-AACA-16CF77392A92}.Debug|x64.ActiveCfg = Debug|Any CPU
		{5F02AA2F-131D-487D-AACA-16CF77392A92}.Debug|x86.ActiveCfg = Debug|x86
		{5F02AA2F-131D-487D-AACA-16CF77392A92}.Debug|x86.Build.0 = Debug|x86
		{5F02AA2F-131D-487D-AACA-16CF77392A92}.Release|Any CPU.ActiveCfg = Release|Any CPU
		{5F02AA2F-131D-487D-AACA-16CF77392A92}.Release|Any CPU.Build.0 = Release|Any CPU
		{5F02AA2F-131D-487D-AACA-16CF77392A92}.Release|ARM.ActiveCfg = Release|ARM
		{5F02AA2F-131D-487D-AACA-16CF77392A92}.Release|ARM.Build.0 = Release|ARM
		{5F02AA2F-131D-487D-AACA-16CF77392A92}.Release|Mixed Platforms.ActiveCfg = Release|x86
		{5F02AA2F-131D-487D-AACA-16CF77392A92}.Release|Mixed Platforms.Build.0 = Release|x86
		{5F02AA2F-131D-487D-AACA-16CF77392A92}.Release|Win32.ActiveCfg = Release|x86
		{5F02AA2F-131D-487D-AACA-16CF77392A92}.Release|Win32.Build.0 = Release|x86
		{5F02AA2F-131D-487D-AACA-16CF77392A92}.Release|x64.ActiveCfg = Release|Any CPU
		{5F02AA2F-131D-487D-AACA-16CF77392A92}.Release|x86.ActiveCfg = Release|x86
		{5F02AA2F-131D-487D-AACA-16CF77392A92}.Release|x86.Build.0 = Release|x86
		{B5148A23-E8EF-4295-89E6-3718A0F03A46}.Debug|Any CPU.ActiveCfg = Debug|Any CPU
		{B5148A23-E8EF-4295-89E6-3718A0F03A46}.Debug|Any CPU.Build.0 = Debug|Any CPU
		{B5148A23-E8EF-4295-89E6-3718A0F03A46}.Debug|ARM.ActiveCfg = Debug|Any CPU
		{B5148A23-E8EF-4295-89E6-3718A0F03A46}.Debug|Mixed Platforms.ActiveCfg = Debug|Any CPU
		{B5148A23-E8EF-4295-89E6-3718A0F03A46}.Debug|Win32.ActiveCfg = Debug|Any CPU
		{B5148A23-E8EF-4295-89E6-3718A0F03A46}.Debug|x64.ActiveCfg = Debug|Any CPU
		{B5148A23-E8EF-4295-89E6-3718A0F03A46}.Debug|x86.ActiveCfg = Debug|Any CPU
		{B5148A23-E8EF-4295-89E6-3718A0F03A46}.Release|Any CPU.ActiveCfg = Release|Any CPU
		{B5148A23-E8EF-4295-89E6-3718A0F03A46}.Release|Any CPU.Build.0 = Release|Any CPU
		{B5148A23-E8EF-4295-89E6-3718A0F03A46}.Release|ARM.ActiveCfg = Release|Any CPU
		{B5148A23-E8EF-4295-89E6-3718A0F03A46}.Release|Mixed Platforms.ActiveCfg = Release|Any CPU
		{B5148A23-E8EF-4295-89E6-3718A0F03A46}.Release|Win32.ActiveCfg = Release|Any CPU
		{B5148A23-E8EF-4295-89E6-3718A0F03A46}.Release|x64.ActiveCfg = Release|Any CPU
		{B5148A23-E8EF-4295-89E6-3718A0F03A46}.Release|x86.ActiveCfg = Release|Any CPU
		{2B3BC557-165A-4565-B2C8-BF5B2F5814FE}.Debug|Any CPU.ActiveCfg = Debug|Any CPU
		{2B3BC557-165A-4565-B2C8-BF5B2F5814FE}.Debug|Any CPU.Build.0 = Debug|Any CPU
		{2B3BC557-165A-4565-B2C8-BF5B2F5814FE}.Debug|ARM.ActiveCfg = Debug|Any CPU
		{2B3BC557-165A-4565-B2C8-BF5B2F5814FE}.Debug|Mixed Platforms.ActiveCfg = Debug|Any CPU
		{2B3BC557-165A-4565-B2C8-BF5B2F5814FE}.Debug|Mixed Platforms.Build.0 = Debug|Any CPU
		{2B3BC557-165A-4565-B2C8-BF5B2F5814FE}.Debug|Win32.ActiveCfg = Debug|Any CPU
		{2B3BC557-165A-4565-B2C8-BF5B2F5814FE}.Debug|x64.ActiveCfg = Debug|Any CPU
		{2B3BC557-165A-4565-B2C8-BF5B2F5814FE}.Debug|x86.ActiveCfg = Debug|Any CPU
		{2B3BC557-165A-4565-B2C8-BF5B2F5814FE}.Release|Any CPU.ActiveCfg = Release|Any CPU
		{2B3BC557-165A-4565-B2C8-BF5B2F5814FE}.Release|Any CPU.Build.0 = Release|Any CPU
		{2B3BC557-165A-4565-B2C8-BF5B2F5814FE}.Release|ARM.ActiveCfg = Release|Any CPU
		{2B3BC557-165A-4565-B2C8-BF5B2F5814FE}.Release|Mixed Platforms.ActiveCfg = Release|Any CPU
		{2B3BC557-165A-4565-B2C8-BF5B2F5814FE}.Release|Mixed Platforms.Build.0 = Release|Any CPU
		{2B3BC557-165A-4565-B2C8-BF5B2F5814FE}.Release|Win32.ActiveCfg = Release|Any CPU
		{2B3BC557-165A-4565-B2C8-BF5B2F5814FE}.Release|x64.ActiveCfg = Release|Any CPU
		{2B3BC557-165A-4565-B2C8-BF5B2F5814FE}.Release|x86.ActiveCfg = Release|Any CPU
		{E8949E1B-9B58-44F3-8F9E-43AC877C2C23}.Debug|Any CPU.ActiveCfg = Debug|x86
		{E8949E1B-9B58-44F3-8F9E-43AC877C2C23}.Debug|ARM.ActiveCfg = Debug|ARM
		{E8949E1B-9B58-44F3-8F9E-43AC877C2C23}.Debug|ARM.Build.0 = Debug|ARM
		{E8949E1B-9B58-44F3-8F9E-43AC877C2C23}.Debug|ARM.Deploy.0 = Debug|ARM
		{E8949E1B-9B58-44F3-8F9E-43AC877C2C23}.Debug|Mixed Platforms.ActiveCfg = Debug|x86
		{E8949E1B-9B58-44F3-8F9E-43AC877C2C23}.Debug|Mixed Platforms.Build.0 = Debug|x86
		{E8949E1B-9B58-44F3-8F9E-43AC877C2C23}.Debug|Mixed Platforms.Deploy.0 = Debug|x86
		{E8949E1B-9B58-44F3-8F9E-43AC877C2C23}.Debug|Win32.ActiveCfg = Debug|x86
		{E8949E1B-9B58-44F3-8F9E-43AC877C2C23}.Debug|Win32.Build.0 = Debug|x86
		{E8949E1B-9B58-44F3-8F9E-43AC877C2C23}.Debug|Win32.Deploy.0 = Debug|x86
		{E8949E1B-9B58-44F3-8F9E-43AC877C2C23}.Debug|x64.ActiveCfg = Debug|x86
		{E8949E1B-9B58-44F3-8F9E-43AC877C2C23}.Debug|x86.ActiveCfg = Debug|x86
		{E8949E1B-9B58-44F3-8F9E-43AC877C2C23}.Debug|x86.Build.0 = Debug|x86
		{E8949E1B-9B58-44F3-8F9E-43AC877C2C23}.Debug|x86.Deploy.0 = Debug|x86
		{E8949E1B-9B58-44F3-8F9E-43AC877C2C23}.Release|Any CPU.ActiveCfg = Release|x86
		{E8949E1B-9B58-44F3-8F9E-43AC877C2C23}.Release|ARM.ActiveCfg = Release|ARM
		{E8949E1B-9B58-44F3-8F9E-43AC877C2C23}.Release|ARM.Build.0 = Release|ARM
		{E8949E1B-9B58-44F3-8F9E-43AC877C2C23}.Release|ARM.Deploy.0 = Release|ARM
		{E8949E1B-9B58-44F3-8F9E-43AC877C2C23}.Release|Mixed Platforms.ActiveCfg = Release|x86
		{E8949E1B-9B58-44F3-8F9E-43AC877C2C23}.Release|Mixed Platforms.Build.0 = Release|x86
		{E8949E1B-9B58-44F3-8F9E-43AC877C2C23}.Release|Mixed Platforms.Deploy.0 = Release|x86
		{E8949E1B-9B58-44F3-8F9E-43AC877C2C23}.Release|Win32.ActiveCfg = Release|x86
		{E8949E1B-9B58-44F3-8F9E-43AC877C2C23}.Release|Win32.Build.0 = Release|x86
		{E8949E1B-9B58-44F3-8F9E-43AC877C2C23}.Release|Win32.Deploy.0 = Release|x86
		{E8949E1B-9B58-44F3-8F9E-43AC877C2C23}.Release|x64.ActiveCfg = Release|x86
		{E8949E1B-9B58-44F3-8F9E-43AC877C2C23}.Release|x86.ActiveCfg = Release|x86
		{E8949E1B-9B58-44F3-8F9E-43AC877C2C23}.Release|x86.Build.0 = Release|x86
		{E8949E1B-9B58-44F3-8F9E-43AC877C2C23}.Release|x86.Deploy.0 = Release|x86
		{D34E280D-A124-4FAE-BB29-5DBE1A873D03}.Debug|Any CPU.ActiveCfg = Debug|Any CPU
		{D34E280D-A124-4FAE-BB29-5DBE1A873D03}.Debug|Any CPU.Build.0 = Debug|Any CPU
		{D34E280D-A124-4FAE-BB29-5DBE1A873D03}.Debug|ARM.ActiveCfg = Debug|Any CPU
		{D34E280D-A124-4FAE-BB29-5DBE1A873D03}.Debug|Mixed Platforms.ActiveCfg = Debug|Any CPU
		{D34E280D-A124-4FAE-BB29-5DBE1A873D03}.Debug|Mixed Platforms.Build.0 = Debug|Any CPU
		{D34E280D-A124-4FAE-BB29-5DBE1A873D03}.Debug|Win32.ActiveCfg = Debug|Any CPU
		{D34E280D-A124-4FAE-BB29-5DBE1A873D03}.Debug|x64.ActiveCfg = Debug|Any CPU
		{D34E280D-A124-4FAE-BB29-5DBE1A873D03}.Debug|x86.ActiveCfg = Debug|Any CPU
		{D34E280D-A124-4FAE-BB29-5DBE1A873D03}.Release|Any CPU.ActiveCfg = Release|Any CPU
		{D34E280D-A124-4FAE-BB29-5DBE1A873D03}.Release|Any CPU.Build.0 = Release|Any CPU
		{D34E280D-A124-4FAE-BB29-5DBE1A873D03}.Release|ARM.ActiveCfg = Release|Any CPU
		{D34E280D-A124-4FAE-BB29-5DBE1A873D03}.Release|Mixed Platforms.ActiveCfg = Release|Any CPU
		{D34E280D-A124-4FAE-BB29-5DBE1A873D03}.Release|Mixed Platforms.Build.0 = Release|Any CPU
		{D34E280D-A124-4FAE-BB29-5DBE1A873D03}.Release|Win32.ActiveCfg = Release|Any CPU
		{D34E280D-A124-4FAE-BB29-5DBE1A873D03}.Release|x64.ActiveCfg = Release|Any CPU
		{D34E280D-A124-4FAE-BB29-5DBE1A873D03}.Release|x86.ActiveCfg = Release|Any CPU
		{1B9B2BB7-7B67-485A-8CA4-96ACAF023A7F}.Debug|Any CPU.ActiveCfg = Debug|Any CPU
		{1B9B2BB7-7B67-485A-8CA4-96ACAF023A7F}.Debug|Any CPU.Build.0 = Debug|Any CPU
		{1B9B2BB7-7B67-485A-8CA4-96ACAF023A7F}.Debug|ARM.ActiveCfg = Debug|Any CPU
		{1B9B2BB7-7B67-485A-8CA4-96ACAF023A7F}.Debug|Mixed Platforms.ActiveCfg = Debug|Any CPU
		{1B9B2BB7-7B67-485A-8CA4-96ACAF023A7F}.Debug|Mixed Platforms.Build.0 = Debug|Any CPU
		{1B9B2BB7-7B67-485A-8CA4-96ACAF023A7F}.Debug|Win32.ActiveCfg = Debug|Any CPU
		{1B9B2BB7-7B67-485A-8CA4-96ACAF023A7F}.Debug|x64.ActiveCfg = Debug|Any CPU
		{1B9B2BB7-7B67-485A-8CA4-96ACAF023A7F}.Debug|x86.ActiveCfg = Debug|Any CPU
		{1B9B2BB7-7B67-485A-8CA4-96ACAF023A7F}.Release|Any CPU.ActiveCfg = Release|Any CPU
		{1B9B2BB7-7B67-485A-8CA4-96ACAF023A7F}.Release|Any CPU.Build.0 = Release|Any CPU
		{1B9B2BB7-7B67-485A-8CA4-96ACAF023A7F}.Release|ARM.ActiveCfg = Release|Any CPU
		{1B9B2BB7-7B67-485A-8CA4-96ACAF023A7F}.Release|Mixed Platforms.ActiveCfg = Release|Any CPU
		{1B9B2BB7-7B67-485A-8CA4-96ACAF023A7F}.Release|Mixed Platforms.Build.0 = Release|Any CPU
		{1B9B2BB7-7B67-485A-8CA4-96ACAF023A7F}.Release|Win32.ActiveCfg = Release|Any CPU
		{1B9B2BB7-7B67-485A-8CA4-96ACAF023A7F}.Release|x64.ActiveCfg = Release|Any CPU
		{1B9B2BB7-7B67-485A-8CA4-96ACAF023A7F}.Release|x86.ActiveCfg = Release|Any CPU
		{90BEAF18-B100-4C8A-B1D4-742C8DA02DF7}.Debug|Any CPU.ActiveCfg = Debug|Any CPU
		{90BEAF18-B100-4C8A-B1D4-742C8DA02DF7}.Debug|Any CPU.Build.0 = Debug|Any CPU
		{90BEAF18-B100-4C8A-B1D4-742C8DA02DF7}.Debug|ARM.ActiveCfg = Debug|Any CPU
		{90BEAF18-B100-4C8A-B1D4-742C8DA02DF7}.Debug|Mixed Platforms.ActiveCfg = Debug|Any CPU
		{90BEAF18-B100-4C8A-B1D4-742C8DA02DF7}.Debug|Mixed Platforms.Build.0 = Debug|Any CPU
		{90BEAF18-B100-4C8A-B1D4-742C8DA02DF7}.Debug|Win32.ActiveCfg = Debug|Any CPU
		{90BEAF18-B100-4C8A-B1D4-742C8DA02DF7}.Debug|x64.ActiveCfg = Debug|Any CPU
		{90BEAF18-B100-4C8A-B1D4-742C8DA02DF7}.Debug|x86.ActiveCfg = Debug|Any CPU
		{90BEAF18-B100-4C8A-B1D4-742C8DA02DF7}.Release|Any CPU.ActiveCfg = Release|Any CPU
		{90BEAF18-B100-4C8A-B1D4-742C8DA02DF7}.Release|Any CPU.Build.0 = Release|Any CPU
		{90BEAF18-B100-4C8A-B1D4-742C8DA02DF7}.Release|ARM.ActiveCfg = Release|Any CPU
		{90BEAF18-B100-4C8A-B1D4-742C8DA02DF7}.Release|Mixed Platforms.ActiveCfg = Release|Any CPU
		{90BEAF18-B100-4C8A-B1D4-742C8DA02DF7}.Release|Mixed Platforms.Build.0 = Release|Any CPU
		{90BEAF18-B100-4C8A-B1D4-742C8DA02DF7}.Release|Win32.ActiveCfg = Release|Any CPU
		{90BEAF18-B100-4C8A-B1D4-742C8DA02DF7}.Release|x64.ActiveCfg = Release|Any CPU
		{90BEAF18-B100-4C8A-B1D4-742C8DA02DF7}.Release|x86.ActiveCfg = Release|Any CPU
		{FC41FFAF-C874-4A83-8947-2C114BD7FD03}.Debug|Any CPU.ActiveCfg = Debug|Any CPU
		{FC41FFAF-C874-4A83-8947-2C114BD7FD03}.Debug|Any CPU.Build.0 = Debug|Any CPU
		{FC41FFAF-C874-4A83-8947-2C114BD7FD03}.Debug|ARM.ActiveCfg = Debug|ARM
		{FC41FFAF-C874-4A83-8947-2C114BD7FD03}.Debug|ARM.Build.0 = Debug|ARM
		{FC41FFAF-C874-4A83-8947-2C114BD7FD03}.Debug|Mixed Platforms.ActiveCfg = Debug|x86
		{FC41FFAF-C874-4A83-8947-2C114BD7FD03}.Debug|Mixed Platforms.Build.0 = Debug|x86
		{FC41FFAF-C874-4A83-8947-2C114BD7FD03}.Debug|Win32.ActiveCfg = Debug|x86
		{FC41FFAF-C874-4A83-8947-2C114BD7FD03}.Debug|Win32.Build.0 = Debug|x86
		{FC41FFAF-C874-4A83-8947-2C114BD7FD03}.Debug|x64.ActiveCfg = Debug|x64
		{FC41FFAF-C874-4A83-8947-2C114BD7FD03}.Debug|x64.Build.0 = Debug|x64
		{FC41FFAF-C874-4A83-8947-2C114BD7FD03}.Debug|x86.ActiveCfg = Debug|x86
		{FC41FFAF-C874-4A83-8947-2C114BD7FD03}.Debug|x86.Build.0 = Debug|x86
		{FC41FFAF-C874-4A83-8947-2C114BD7FD03}.Release|Any CPU.ActiveCfg = Release|Any CPU
		{FC41FFAF-C874-4A83-8947-2C114BD7FD03}.Release|Any CPU.Build.0 = Release|Any CPU
		{FC41FFAF-C874-4A83-8947-2C114BD7FD03}.Release|ARM.ActiveCfg = Release|ARM
		{FC41FFAF-C874-4A83-8947-2C114BD7FD03}.Release|ARM.Build.0 = Release|ARM
		{FC41FFAF-C874-4A83-8947-2C114BD7FD03}.Release|Mixed Platforms.ActiveCfg = Release|x86
		{FC41FFAF-C874-4A83-8947-2C114BD7FD03}.Release|Mixed Platforms.Build.0 = Release|x86
		{FC41FFAF-C874-4A83-8947-2C114BD7FD03}.Release|Win32.ActiveCfg = Release|x86
		{FC41FFAF-C874-4A83-8947-2C114BD7FD03}.Release|Win32.Build.0 = Release|x86
		{FC41FFAF-C874-4A83-8947-2C114BD7FD03}.Release|x64.ActiveCfg = Release|x64
		{FC41FFAF-C874-4A83-8947-2C114BD7FD03}.Release|x64.Build.0 = Release|x64
		{FC41FFAF-C874-4A83-8947-2C114BD7FD03}.Release|x86.ActiveCfg = Release|x86
		{FC41FFAF-C874-4A83-8947-2C114BD7FD03}.Release|x86.Build.0 = Release|x86
		{3D156C2E-4125-4754-994C-CDD7F7482BFF}.Debug|Any CPU.ActiveCfg = Debug|Any CPU
		{3D156C2E-4125-4754-994C-CDD7F7482BFF}.Debug|Any CPU.Build.0 = Debug|Any CPU
		{3D156C2E-4125-4754-994C-CDD7F7482BFF}.Debug|Any CPU.Deploy.0 = Debug|Any CPU
		{3D156C2E-4125-4754-994C-CDD7F7482BFF}.Debug|ARM.ActiveCfg = Debug|ARM
		{3D156C2E-4125-4754-994C-CDD7F7482BFF}.Debug|ARM.Build.0 = Debug|ARM
		{3D156C2E-4125-4754-994C-CDD7F7482BFF}.Debug|ARM.Deploy.0 = Debug|ARM
		{3D156C2E-4125-4754-994C-CDD7F7482BFF}.Debug|Mixed Platforms.ActiveCfg = Debug|x86
		{3D156C2E-4125-4754-994C-CDD7F7482BFF}.Debug|Mixed Platforms.Build.0 = Debug|x86
		{3D156C2E-4125-4754-994C-CDD7F7482BFF}.Debug|Mixed Platforms.Deploy.0 = Debug|x86
		{3D156C2E-4125-4754-994C-CDD7F7482BFF}.Debug|Win32.ActiveCfg = Debug|x86
		{3D156C2E-4125-4754-994C-CDD7F7482BFF}.Debug|Win32.Build.0 = Debug|x86
		{3D156C2E-4125-4754-994C-CDD7F7482BFF}.Debug|Win32.Deploy.0 = Debug|x86
		{3D156C2E-4125-4754-994C-CDD7F7482BFF}.Debug|x64.ActiveCfg = Debug|x64
		{3D156C2E-4125-4754-994C-CDD7F7482BFF}.Debug|x64.Build.0 = Debug|x64
		{3D156C2E-4125-4754-994C-CDD7F7482BFF}.Debug|x64.Deploy.0 = Debug|x64
		{3D156C2E-4125-4754-994C-CDD7F7482BFF}.Debug|x86.ActiveCfg = Debug|x86
		{3D156C2E-4125-4754-994C-CDD7F7482BFF}.Debug|x86.Build.0 = Debug|x86
		{3D156C2E-4125-4754-994C-CDD7F7482BFF}.Debug|x86.Deploy.0 = Debug|x86
		{3D156C2E-4125-4754-994C-CDD7F7482BFF}.Release|Any CPU.ActiveCfg = Release|Any CPU
		{3D156C2E-4125-4754-994C-CDD7F7482BFF}.Release|Any CPU.Build.0 = Release|Any CPU
		{3D156C2E-4125-4754-994C-CDD7F7482BFF}.Release|Any CPU.Deploy.0 = Release|Any CPU
		{3D156C2E-4125-4754-994C-CDD7F7482BFF}.Release|ARM.ActiveCfg = Release|ARM
		{3D156C2E-4125-4754-994C-CDD7F7482BFF}.Release|ARM.Build.0 = Release|ARM
		{3D156C2E-4125-4754-994C-CDD7F7482BFF}.Release|ARM.Deploy.0 = Release|ARM
		{3D156C2E-4125-4754-994C-CDD7F7482BFF}.Release|Mixed Platforms.ActiveCfg = Release|x86
		{3D156C2E-4125-4754-994C-CDD7F7482BFF}.Release|Mixed Platforms.Build.0 = Release|x86
		{3D156C2E-4125-4754-994C-CDD7F7482BFF}.Release|Mixed Platforms.Deploy.0 = Release|x86
		{3D156C2E-4125-4754-994C-CDD7F7482BFF}.Release|Win32.ActiveCfg = Release|x86
		{3D156C2E-4125-4754-994C-CDD7F7482BFF}.Release|Win32.Build.0 = Release|x86
		{3D156C2E-4125-4754-994C-CDD7F7482BFF}.Release|Win32.Deploy.0 = Release|x86
		{3D156C2E-4125-4754-994C-CDD7F7482BFF}.Release|x64.ActiveCfg = Release|x64
		{3D156C2E-4125-4754-994C-CDD7F7482BFF}.Release|x64.Build.0 = Release|x64
		{3D156C2E-4125-4754-994C-CDD7F7482BFF}.Release|x64.Deploy.0 = Release|x64
		{3D156C2E-4125-4754-994C-CDD7F7482BFF}.Release|x86.ActiveCfg = Release|x86
		{3D156C2E-4125-4754-994C-CDD7F7482BFF}.Release|x86.Build.0 = Release|x86
		{3D156C2E-4125-4754-994C-CDD7F7482BFF}.Release|x86.Deploy.0 = Release|x86
	EndGlobalSection
	GlobalSection(SolutionProperties) = preSolution
		HideSolutionNode = FALSE
	EndGlobalSection
	GlobalSection(NestedProjects) = preSolution
		{5F02AA2F-131D-487D-AACA-16CF77392A92} = {0007B455-13B7-4C6C-ADD2-1E40FD3E7FFC}
		{E8949E1B-9B58-44F3-8F9E-43AC877C2C23} = {0007B455-13B7-4C6C-ADD2-1E40FD3E7FFC}
		{90BEAF18-B100-4C8A-B1D4-742C8DA02DF7} = {0007B455-13B7-4C6C-ADD2-1E40FD3E7FFC}
		{B5148A23-E8EF-4295-89E6-3718A0F03A46} = {9A90BE78-2B3D-43AD-84A9-ACBE9962EE8D}
		{2B3BC557-165A-4565-B2C8-BF5B2F5814FE} = {A678FA41-C5D6-4D1D-BF03-55BFFB51AB51}
		{D34E280D-A124-4FAE-BB29-5DBE1A873D03} = {A678FA41-C5D6-4D1D-BF03-55BFFB51AB51}
		{1B9B2BB7-7B67-485A-8CA4-96ACAF023A7F} = {08A137F7-F1DE-4CD9-856F-695B8802977A}
		{FC41FFAF-C874-4A83-8947-2C114BD7FD03} = {08A137F7-F1DE-4CD9-856F-695B8802977A}
		{3D156C2E-4125-4754-994C-CDD7F7482BFF} = {08A137F7-F1DE-4CD9-856F-695B8802977A}
	EndGlobalSection
EndGlobal
